
Microsoft Visual Studio Solution File, Format Version 12.00
# Visual Studio Version 16
VisualStudioVersion = 25.0.1704.1
MinimumVisualStudioVersion = 10.0.40219.1
Project("{FAE04EC0-301F-11D3-BF4B-00C04F79EFBC}") = "MagicVilla_VillAPI", "MagicVilla_VillAPI\MagicVilla_VillAPI.csproj", "{F4178E70-6C32-4DDA-B540-354FD232E319}"
EndProject
Global
	GlobalSection(SolutionConfigurationPlatforms) = preSolution
		Debug|Any CPU = Debug|Any CPU
		Release|Any CPU = Release|Any CPU
	EndGlobalSection
	GlobalSection(ProjectConfigurationPlatforms) = postSolution
		{F4178E70-6C32-4DDA-B540-354FD232E319}.Debug|Any CPU.ActiveCfg = Debug|Any CPU
		{F4178E70-6C32-4DDA-B540-354FD232E319}.Debug|Any CPU.Build.0 = Debug|Any CPU
		{F4178E70-6C32-4DDA-B540-354FD232E319}.Release|Any CPU.ActiveCfg = Release|Any CPU
		{F4178E70-6C32-4DDA-B540-354FD232E319}.Release|Any CPU.Build.0 = Release|Any CPU
	EndGlobalSection
	GlobalSection(SolutionProperties) = preSolution
		HideSolutionNode = FALSE
	EndGlobalSection
	GlobalSection(ExtensibilityGlobals) = postSolution
		SolutionGuid = {06187F39-AA89-4443-B329-0123F4C98FB7}
	EndGlobalSection
EndGlobal
